
Microsoft Visual Studio Solution File, Format Version 12.00
# Visual Studio 14
VisualStudioVersion = 14.0.25420.1
MinimumVisualStudioVersion = 10.0.40219.1
Project("{FAE04EC0-301F-11D3-BF4B-00C04F79EFBC}") = "Sidebar", "Sidebar\Sidebar.csproj", "{CC5B4A69-6B16-48F3-9997-A17C5ABEB15D}"
EndProject
Project("{FAE04EC0-301F-11D3-BF4B-00C04F79EFBC}") = "CoreLib", "CoreLib\CoreLib.csproj", "{61407357-F222-4705-B8FF-96F6AC80617A}"
EndProject
Project("{FAE04EC0-301F-11D3-BF4B-00C04F79EFBC}") = "TileClient", "TileClient\TileClient.csproj", "{E06095F3-687A-41FE-8C6A-50C719D7444A}"
EndProject
Project("{FAE04EC0-301F-11D3-BF4B-00C04F79EFBC}") = "Native", "Native\Native.csproj", "{52309125-E452-4D6F-8672-A49D8B52B2D9}"
EndProject
Project("{FAE04EC0-301F-11D3-BF4B-00C04F79EFBC}") = "TileManifestEditor", "TileManifestEditor\TileManifestEditor.csproj", "{6CEC7ACC-7647-4031-9F6D-E1A3BDC5973D}"
EndProject
Project("{FAE04EC0-301F-11D3-BF4B-00C04F79EFBC}") = "ClockTile", "ClockTile\ClockTile.csproj", "{39C2318C-7EDF-4AB3-8DAC-35B4E5C58147}"
EndProject
Project("{FAE04EC0-301F-11D3-BF4B-00C04F79EFBC}") = "QuickLaunchTile", "QuickLaunchTile\QuickLaunchTile.csproj", "{3EE01483-6713-483D-9DEF-013BD01DB0D8}"
EndProject
Project("{FAE04EC0-301F-11D3-BF4B-00C04F79EFBC}") = "SearchTile", "SearchTile\SearchTile.csproj", "{7A07B6B0-941E-4192-91D0-4FF526DE3295}"
EndProject
Project("{FAE04EC0-301F-11D3-BF4B-00C04F79EFBC}") = "PowerTile", "PowerTile\PowerTile.csproj", "{BDD6D9A2-2C3E-4404-8404-BB5E2281129E}"
EndProject
Project("{FAE04EC0-301F-11D3-BF4B-00C04F79EFBC}") = "SGInstall", "SGInstall\SGInstall.csproj", "{A75CE2F8-90E9-44C4-B58B-C68D7E53B551}"
EndProject
Project("{FAE04EC0-301F-11D3-BF4B-00C04F79EFBC}") = "SGPackaging", "SGPackaging\SGPackaging.csproj", "{6FFE36AA-B8D7-408D-969D-E760A85ACB4B}"
EndProject
Project("{FAE04EC0-301F-11D3-BF4B-00C04F79EFBC}") = "FeedTile", "FeedTile\FeedTile.csproj", "{62AFC63C-9480-497B-BDA1-7B2549BA5603}"
EndProject
Project("{FAE04EC0-301F-11D3-BF4B-00C04F79EFBC}") = "SlideshowTile", "SlideshowTile\SlideshowTile.csproj", "{94FCD9CB-5724-4C8A-9F96-566EA09EF85F}"
EndProject
Project("{FAE04EC0-301F-11D3-BF4B-00C04F79EFBC}") = "ThemeEditor", "ThemeEditor\ThemeEditor.csproj", "{0E9E1887-40EB-4AC6-B0AD-571365E84710}"
EndProject
Global
	GlobalSection(SolutionConfigurationPlatforms) = preSolution
		Debug|Any CPU = Debug|Any CPU
		Debug|x64 = Debug|x64
		Debug|x86 = Debug|x86
		Release|Any CPU = Release|Any CPU
		Release|x64 = Release|x64
		Release|x86 = Release|x86
	EndGlobalSection
	GlobalSection(ProjectConfigurationPlatforms) = postSolution
		{CC5B4A69-6B16-48F3-9997-A17C5ABEB15D}.Debug|Any CPU.ActiveCfg = Debug|Any CPU
		{CC5B4A69-6B16-48F3-9997-A17C5ABEB15D}.Debug|Any CPU.Build.0 = Debug|Any CPU
		{CC5B4A69-6B16-48F3-9997-A17C5ABEB15D}.Debug|x64.ActiveCfg = Debug|Any CPU
		{CC5B4A69-6B16-48F3-9997-A17C5ABEB15D}.Debug|x64.Build.0 = Debug|Any CPU
		{CC5B4A69-6B16-48F3-9997-A17C5ABEB15D}.Debug|x86.ActiveCfg = Debug|Any CPU
		{CC5B4A69-6B16-48F3-9997-A17C5ABEB15D}.Debug|x86.Build.0 = Debug|Any CPU
		{CC5B4A69-6B16-48F3-9997-A17C5ABEB15D}.Release|Any CPU.ActiveCfg = Release|Any CPU
		{CC5B4A69-6B16-48F3-9997-A17C5ABEB15D}.Release|Any CPU.Build.0 = Release|Any CPU
		{CC5B4A69-6B16-48F3-9997-A17C5ABEB15D}.Release|x64.ActiveCfg = Release|Any CPU
		{CC5B4A69-6B16-48F3-9997-A17C5ABEB15D}.Release|x64.Build.0 = Release|Any CPU
		{CC5B4A69-6B16-48F3-9997-A17C5ABEB15D}.Release|x86.ActiveCfg = Release|Any CPU
		{CC5B4A69-6B16-48F3-9997-A17C5ABEB15D}.Release|x86.Build.0 = Release|Any CPU
		{61407357-F222-4705-B8FF-96F6AC80617A}.Debug|Any CPU.ActiveCfg = Debug|Any CPU
		{61407357-F222-4705-B8FF-96F6AC80617A}.Debug|Any CPU.Build.0 = Debug|Any CPU
		{61407357-F222-4705-B8FF-96F6AC80617A}.Debug|x64.ActiveCfg = Debug|Any CPU
		{61407357-F222-4705-B8FF-96F6AC80617A}.Debug|x64.Build.0 = Debug|Any CPU
		{61407357-F222-4705-B8FF-96F6AC80617A}.Debug|x86.ActiveCfg = Debug|Any CPU
		{61407357-F222-4705-B8FF-96F6AC80617A}.Debug|x86.Build.0 = Debug|Any CPU
		{61407357-F222-4705-B8FF-96F6AC80617A}.Release|Any CPU.ActiveCfg = Release|Any CPU
		{61407357-F222-4705-B8FF-96F6AC80617A}.Release|Any CPU.Build.0 = Release|Any CPU
		{61407357-F222-4705-B8FF-96F6AC80617A}.Release|x64.ActiveCfg = Release|Any CPU
		{61407357-F222-4705-B8FF-96F6AC80617A}.Release|x64.Build.0 = Release|Any CPU
		{61407357-F222-4705-B8FF-96F6AC80617A}.Release|x86.ActiveCfg = Release|Any CPU
		{61407357-F222-4705-B8FF-96F6AC80617A}.Release|x86.Build.0 = Release|Any CPU
		{E06095F3-687A-41FE-8C6A-50C719D7444A}.Debug|Any CPU.ActiveCfg = Debug|Any CPU
		{E06095F3-687A-41FE-8C6A-50C719D7444A}.Debug|Any CPU.Build.0 = Debug|Any CPU
		{E06095F3-687A-41FE-8C6A-50C719D7444A}.Debug|x64.ActiveCfg = Debug|Any CPU
		{E06095F3-687A-41FE-8C6A-50C719D7444A}.Debug|x64.Build.0 = Debug|Any CPU
		{E06095F3-687A-41FE-8C6A-50C719D7444A}.Debug|x86.ActiveCfg = Debug|Any CPU
		{E06095F3-687A-41FE-8C6A-50C719D7444A}.Debug|x86.Build.0 = Debug|Any CPU
		{E06095F3-687A-41FE-8C6A-50C719D7444A}.Release|Any CPU.ActiveCfg = Release|Any CPU
		{E06095F3-687A-41FE-8C6A-50C719D7444A}.Release|Any CPU.Build.0 = Release|Any CPU
		{E06095F3-687A-41FE-8C6A-50C719D7444A}.Release|x64.ActiveCfg = Release|Any CPU
		{E06095F3-687A-41FE-8C6A-50C719D7444A}.Release|x64.Build.0 = Release|Any CPU
		{E06095F3-687A-41FE-8C6A-50C719D7444A}.Release|x86.ActiveCfg = Release|Any CPU
		{E06095F3-687A-41FE-8C6A-50C719D7444A}.Release|x86.Build.0 = Release|Any CPU
		{52309125-E452-4D6F-8672-A49D8B52B2D9}.Debug|Any CPU.ActiveCfg = Debug|Any CPU
		{52309125-E452-4D6F-8672-A49D8B52B2D9}.Debug|Any CPU.Build.0 = Debug|Any CPU
		{52309125-E452-4D6F-8672-A49D8B52B2D9}.Debug|x64.ActiveCfg = Debug|Any CPU
		{52309125-E452-4D6F-8672-A49D8B52B2D9}.Debug|x64.Build.0 = Debug|Any CPU
		{52309125-E452-4D6F-8672-A49D8B52B2D9}.Debug|x86.ActiveCfg = Debug|Any CPU
		{52309125-E452-4D6F-8672-A49D8B52B2D9}.Debug|x86.Build.0 = Debug|Any CPU
		{52309125-E452-4D6F-8672-A49D8B52B2D9}.Release|Any CPU.ActiveCfg = Release|Any CPU
		{52309125-E452-4D6F-8672-A49D8B52B2D9}.Release|Any CPU.Build.0 = Release|Any CPU
		{52309125-E452-4D6F-8672-A49D8B52B2D9}.Release|x64.ActiveCfg = Release|Any CPU
		{52309125-E452-4D6F-8672-A49D8B52B2D9}.Release|x64.Build.0 = Release|Any CPU
		{52309125-E452-4D6F-8672-A49D8B52B2D9}.Release|x86.ActiveCfg = Release|Any CPU
		{52309125-E452-4D6F-8672-A49D8B52B2D9}.Release|x86.Build.0 = Release|Any CPU
		{6CEC7ACC-7647-4031-9F6D-E1A3BDC5973D}.Debug|Any CPU.ActiveCfg = Debug|Any CPU
		{6CEC7ACC-7647-4031-9F6D-E1A3BDC5973D}.Debug|Any CPU.Build.0 = Debug|Any CPU
		{6CEC7ACC-7647-4031-9F6D-E1A3BDC5973D}.Debug|x64.ActiveCfg = Debug|Any CPU
		{6CEC7ACC-7647-4031-9F6D-E1A3BDC5973D}.Debug|x64.Build.0 = Debug|Any CPU
		{6CEC7ACC-7647-4031-9F6D-E1A3BDC5973D}.Debug|x86.ActiveCfg = Debug|Any CPU
		{6CEC7ACC-7647-4031-9F6D-E1A3BDC5973D}.Debug|x86.Build.0 = Debug|Any CPU
		{6CEC7ACC-7647-4031-9F6D-E1A3BDC5973D}.Release|Any CPU.ActiveCfg = Release|Any CPU
		{6CEC7ACC-7647-4031-9F6D-E1A3BDC5973D}.Release|Any CPU.Build.0 = Release|Any CPU
		{6CEC7ACC-7647-4031-9F6D-E1A3BDC5973D}.Release|x64.ActiveCfg = Release|Any CPU
		{6CEC7ACC-7647-4031-9F6D-E1A3BDC5973D}.Release|x64.Build.0 = Release|Any CPU
		{6CEC7ACC-7647-4031-9F6D-E1A3BDC5973D}.Release|x86.ActiveCfg = Release|Any CPU
		{6CEC7ACC-7647-4031-9F6D-E1A3BDC5973D}.Release|x86.Build.0 = Release|Any CPU
		{39C2318C-7EDF-4AB3-8DAC-35B4E5C58147}.Debug|Any CPU.ActiveCfg = Debug|Any CPU
		{39C2318C-7EDF-4AB3-8DAC-35B4E5C58147}.Debug|Any CPU.Build.0 = Debug|Any CPU
		{39C2318C-7EDF-4AB3-8DAC-35B4E5C58147}.Debug|x64.ActiveCfg = Debug|Any CPU
		{39C2318C-7EDF-4AB3-8DAC-35B4E5C58147}.Debug|x64.Build.0 = Debug|Any CPU
		{39C2318C-7EDF-4AB3-8DAC-35B4E5C58147}.Debug|x86.ActiveCfg = Debug|Any CPU
		{39C2318C-7EDF-4AB3-8DAC-35B4E5C58147}.Debug|x86.Build.0 = Debug|Any CPU
		{39C2318C-7EDF-4AB3-8DAC-35B4E5C58147}.Release|Any CPU.ActiveCfg = Release|Any CPU
		{39C2318C-7EDF-4AB3-8DAC-35B4E5C58147}.Release|Any CPU.Build.0 = Release|Any CPU
		{39C2318C-7EDF-4AB3-8DAC-35B4E5C58147}.Release|x64.ActiveCfg = Release|Any CPU
		{39C2318C-7EDF-4AB3-8DAC-35B4E5C58147}.Release|x64.Build.0 = Release|Any CPU
		{39C2318C-7EDF-4AB3-8DAC-35B4E5C58147}.Release|x86.ActiveCfg = Release|Any CPU
		{39C2318C-7EDF-4AB3-8DAC-35B4E5C58147}.Release|x86.Build.0 = Release|Any CPU
		{3EE01483-6713-483D-9DEF-013BD01DB0D8}.Debug|Any CPU.ActiveCfg = Debug|Any CPU
		{3EE01483-6713-483D-9DEF-013BD01DB0D8}.Debug|Any CPU.Build.0 = Debug|Any CPU
		{3EE01483-6713-483D-9DEF-013BD01DB0D8}.Debug|x64.ActiveCfg = Debug|Any CPU
		{3EE01483-6713-483D-9DEF-013BD01DB0D8}.Debug|x64.Build.0 = Debug|Any CPU
		{3EE01483-6713-483D-9DEF-013BD01DB0D8}.Debug|x86.ActiveCfg = Debug|Any CPU
		{3EE01483-6713-483D-9DEF-013BD01DB0D8}.Debug|x86.Build.0 = Debug|Any CPU
		{3EE01483-6713-483D-9DEF-013BD01DB0D8}.Release|Any CPU.ActiveCfg = Release|Any CPU
		{3EE01483-6713-483D-9DEF-013BD01DB0D8}.Release|Any CPU.Build.0 = Release|Any CPU
		{3EE01483-6713-483D-9DEF-013BD01DB0D8}.Release|x64.ActiveCfg = Release|Any CPU
		{3EE01483-6713-483D-9DEF-013BD01DB0D8}.Release|x64.Build.0 = Release|Any CPU
		{3EE01483-6713-483D-9DEF-013BD01DB0D8}.Release|x86.ActiveCfg = Release|Any CPU
		{3EE01483-6713-483D-9DEF-013BD01DB0D8}.Release|x86.Build.0 = Release|Any CPU
		{7A07B6B0-941E-4192-91D0-4FF526DE3295}.Debug|Any CPU.ActiveCfg = Debug|Any CPU
		{7A07B6B0-941E-4192-91D0-4FF526DE3295}.Debug|Any CPU.Build.0 = Debug|Any CPU
		{7A07B6B0-941E-4192-91D0-4FF526DE3295}.Debug|x64.ActiveCfg = Debug|Any CPU
		{7A07B6B0-941E-4192-91D0-4FF526DE3295}.Debug|x64.Build.0 = Debug|Any CPU
		{7A07B6B0-941E-4192-91D0-4FF526DE3295}.Debug|x86.ActiveCfg = Debug|Any CPU
		{7A07B6B0-941E-4192-91D0-4FF526DE3295}.Debug|x86.Build.0 = Debug|Any CPU
		{7A07B6B0-941E-4192-91D0-4FF526DE3295}.Release|Any CPU.ActiveCfg = Release|Any CPU
		{7A07B6B0-941E-4192-91D0-4FF526DE3295}.Release|Any CPU.Build.0 = Release|Any CPU
		{7A07B6B0-941E-4192-91D0-4FF526DE3295}.Release|x64.ActiveCfg = Release|Any CPU
		{7A07B6B0-941E-4192-91D0-4FF526DE3295}.Release|x64.Build.0 = Release|Any CPU
		{7A07B6B0-941E-4192-91D0-4FF526DE3295}.Release|x86.ActiveCfg = Release|Any CPU
		{7A07B6B0-941E-4192-91D0-4FF526DE3295}.Release|x86.Build.0 = Release|Any CPU
		{BDD6D9A2-2C3E-4404-8404-BB5E2281129E}.Debug|Any CPU.ActiveCfg = Debug|Any CPU
		{BDD6D9A2-2C3E-4404-8404-BB5E2281129E}.Debug|Any CPU.Build.0 = Debug|Any CPU
		{BDD6D9A2-2C3E-4404-8404-BB5E2281129E}.Debug|x64.ActiveCfg = Debug|Any CPU
		{BDD6D9A2-2C3E-4404-8404-BB5E2281129E}.Debug|x64.Build.0 = Debug|Any CPU
		{BDD6D9A2-2C3E-4404-8404-BB5E2281129E}.Debug|x86.ActiveCfg = Debug|Any CPU
		{BDD6D9A2-2C3E-4404-8404-BB5E2281129E}.Debug|x86.Build.0 = Debug|Any CPU
		{BDD6D9A2-2C3E-4404-8404-BB5E2281129E}.Release|Any CPU.ActiveCfg = Release|Any CPU
		{BDD6D9A2-2C3E-4404-8404-BB5E2281129E}.Release|Any CPU.Build.0 = Release|Any CPU
		{BDD6D9A2-2C3E-4404-8404-BB5E2281129E}.Release|x64.ActiveCfg = Release|Any CPU
		{BDD6D9A2-2C3E-4404-8404-BB5E2281129E}.Release|x64.Build.0 = Release|Any CPU
		{BDD6D9A2-2C3E-4404-8404-BB5E2281129E}.Release|x86.ActiveCfg = Release|Any CPU
		{BDD6D9A2-2C3E-4404-8404-BB5E2281129E}.Release|x86.Build.0 = Release|Any CPU
		{A75CE2F8-90E9-44C4-B58B-C68D7E53B551}.Debug|Any CPU.ActiveCfg = Debug|Any CPU
		{A75CE2F8-90E9-44C4-B58B-C68D7E53B551}.Debug|Any CPU.Build.0 = Debug|Any CPU
		{A75CE2F8-90E9-44C4-B58B-C68D7E53B551}.Debug|x64.ActiveCfg = Debug|Any CPU
		{A75CE2F8-90E9-44C4-B58B-C68D7E53B551}.Debug|x64.Build.0 = Debug|Any CPU
		{A75CE2F8-90E9-44C4-B58B-C68D7E53B551}.Debug|x86.ActiveCfg = Debug|Any CPU
		{A75CE2F8-90E9-44C4-B58B-C68D7E53B551}.Debug|x86.Build.0 = Debug|Any CPU
		{A75CE2F8-90E9-44C4-B58B-C68D7E53B551}.Release|Any CPU.ActiveCfg = Release|Any CPU
		{A75CE2F8-90E9-44C4-B58B-C68D7E53B551}.Release|Any CPU.Build.0 = Release|Any CPU
		{A75CE2F8-90E9-44C4-B58B-C68D7E53B551}.Release|x64.ActiveCfg = Release|Any CPU
		{A75CE2F8-90E9-44C4-B58B-C68D7E53B551}.Release|x64.Build.0 = Release|Any CPU
		{A75CE2F8-90E9-44C4-B58B-C68D7E53B551}.Release|x86.ActiveCfg = Release|Any CPU
		{A75CE2F8-90E9-44C4-B58B-C68D7E53B551}.Release|x86.Build.0 = Release|Any CPU
		{6FFE36AA-B8D7-408D-969D-E760A85ACB4B}.Debug|Any CPU.ActiveCfg = Debug|Any CPU
		{6FFE36AA-B8D7-408D-969D-E760A85ACB4B}.Debug|Any CPU.Build.0 = Debug|Any CPU
		{6FFE36AA-B8D7-408D-969D-E760A85ACB4B}.Debug|x64.ActiveCfg = Debug|Any CPU
		{6FFE36AA-B8D7-408D-969D-E760A85ACB4B}.Debug|x64.Build.0 = Debug|Any CPU
		{6FFE36AA-B8D7-408D-969D-E760A85ACB4B}.Debug|x86.ActiveCfg = Debug|Any CPU
		{6FFE36AA-B8D7-408D-969D-E760A85ACB4B}.Debug|x86.Build.0 = Debug|Any CPU
		{6FFE36AA-B8D7-408D-969D-E760A85ACB4B}.Release|Any CPU.ActiveCfg = Release|Any CPU
		{6FFE36AA-B8D7-408D-969D-E760A85ACB4B}.Release|Any CPU.Build.0 = Release|Any CPU
		{6FFE36AA-B8D7-408D-969D-E760A85ACB4B}.Release|x64.ActiveCfg = Release|Any CPU
		{6FFE36AA-B8D7-408D-969D-E760A85ACB4B}.Release|x64.Build.0 = Release|Any CPU
		{6FFE36AA-B8D7-408D-969D-E760A85ACB4B}.Release|x86.ActiveCfg = Release|Any CPU
		{6FFE36AA-B8D7-408D-969D-E760A85ACB4B}.Release|x86.Build.0 = Release|Any CPU
		{62AFC63C-9480-497B-BDA1-7B2549BA5603}.Debug|Any CPU.ActiveCfg = Debug|Any CPU
		{62AFC63C-9480-497B-BDA1-7B2549BA5603}.Debug|Any CPU.Build.0 = Debug|Any CPU
		{62AFC63C-9480-497B-BDA1-7B2549BA5603}.Debug|x64.ActiveCfg = Debug|Any CPU
		{62AFC63C-9480-497B-BDA1-7B2549BA5603}.Debug|x64.Build.0 = Debug|Any CPU
		{62AFC63C-9480-497B-BDA1-7B2549BA5603}.Debug|x86.ActiveCfg = Debug|Any CPU
		{62AFC63C-9480-497B-BDA1-7B2549BA5603}.Debug|x86.Build.0 = Debug|Any CPU
		{62AFC63C-9480-497B-BDA1-7B2549BA5603}.Release|Any CPU.ActiveCfg = Release|Any CPU
		{62AFC63C-9480-497B-BDA1-7B2549BA5603}.Release|Any CPU.Build.0 = Release|Any CPU
		{62AFC63C-9480-497B-BDA1-7B2549BA5603}.Release|x64.ActiveCfg = Release|Any CPU
		{62AFC63C-9480-497B-BDA1-7B2549BA5603}.Release|x64.Build.0 = Release|Any CPU
		{62AFC63C-9480-497B-BDA1-7B2549BA5603}.Release|x86.ActiveCfg = Release|Any CPU
		{62AFC63C-9480-497B-BDA1-7B2549BA5603}.Release|x86.Build.0 = Release|Any CPU
		{94FCD9CB-5724-4C8A-9F96-566EA09EF85F}.Debug|Any CPU.ActiveCfg = Debug|Any CPU
		{94FCD9CB-5724-4C8A-9F96-566EA09EF85F}.Debug|Any CPU.Build.0 = Debug|Any CPU
		{94FCD9CB-5724-4C8A-9F96-566EA09EF85F}.Debug|x64.ActiveCfg = Debug|Any CPU
		{94FCD9CB-5724-4C8A-9F96-566EA09EF85F}.Debug|x64.Build.0 = Debug|Any CPU
		{94FCD9CB-5724-4C8A-9F96-566EA09EF85F}.Debug|x86.ActiveCfg = Debug|Any CPU
		{94FCD9CB-5724-4C8A-9F96-566EA09EF85F}.Debug|x86.Build.0 = Debug|Any CPU
		{94FCD9CB-5724-4C8A-9F96-566EA09EF85F}.Release|Any CPU.ActiveCfg = Release|Any CPU
		{94FCD9CB-5724-4C8A-9F96-566EA09EF85F}.Release|Any CPU.Build.0 = Release|Any CPU
		{94FCD9CB-5724-4C8A-9F96-566EA09EF85F}.Release|x64.ActiveCfg = Release|Any CPU
		{94FCD9CB-5724-4C8A-9F96-566EA09EF85F}.Release|x64.Build.0 = Release|Any CPU
		{94FCD9CB-5724-4C8A-9F96-566EA09EF85F}.Release|x86.ActiveCfg = Release|Any CPU
		{94FCD9CB-5724-4C8A-9F96-566EA09EF85F}.Release|x86.Build.0 = Release|Any CPU
		{0E9E1887-40EB-4AC6-B0AD-571365E84710}.Debug|Any CPU.ActiveCfg = Debug|Any CPU
		{0E9E1887-40EB-4AC6-B0AD-571365E84710}.Debug|Any CPU.Build.0 = Debug|Any CPU
		{0E9E1887-40EB-4AC6-B0AD-571365E84710}.Debug|x64.ActiveCfg = Debug|Any CPU
		{0E9E1887-40EB-4AC6-B0AD-571365E84710}.Debug|x64.Build.0 = Debug|Any CPU
		{0E9E1887-40EB-4AC6-B0AD-571365E84710}.Debug|x86.ActiveCfg = Debug|Any CPU
		{0E9E1887-40EB-4AC6-B0AD-571365E84710}.Debug|x86.Build.0 = Debug|Any CPU
		{0E9E1887-40EB-4AC6-B0AD-571365E84710}.Release|Any CPU.ActiveCfg = Release|Any CPU
		{0E9E1887-40EB-4AC6-B0AD-571365E84710}.Release|Any CPU.Build.0 = Release|Any CPU
		{0E9E1887-40EB-4AC6-B0AD-571365E84710}.Release|x64.ActiveCfg = Release|Any CPU
		{0E9E1887-40EB-4AC6-B0AD-571365E84710}.Release|x64.Build.0 = Release|Any CPU
		{0E9E1887-40EB-4AC6-B0AD-571365E84710}.Release|x86.ActiveCfg = Release|Any CPU
		{0E9E1887-40EB-4AC6-B0AD-571365E84710}.Release|x86.Build.0 = Release|Any CPU
	EndGlobalSection
	GlobalSection(SolutionProperties) = preSolution
		HideSolutionNode = FALSE
	EndGlobalSection
EndGlobal
